// !$*UTF8*$!
{
	archiveVersion = 1;
	classes = {
	};
	objectVersion = 77;
	objects = {

/* Begin PBXContainerItemProxy section */
		F4961C9D2EA1AF0B00D68570 /* PBXContainerItemProxy */ = {
			isa = PBXContainerItemProxy;
			containerPortal = F4961C852EA1AF0A00D68570 /* Project object */;
			proxyType = 1;
			remoteGlobalIDString = F4961C8C2EA1AF0A00D68570;
			remoteInfo = "AI School Event App";
		};
		F4961CA72EA1AF0B00D68570 /* PBXContainerItemProxy */ = {
			isa = PBXContainerItemProxy;
			containerPortal = F4961C852EA1AF0A00D68570 /* Project object */;
			proxyType = 1;
			remoteGlobalIDString = F4961C8C2EA1AF0A00D68570;
			remoteInfo = "AI School Event App";
		};
/* End PBXContainerItemProxy section */

/* Begin PBXFileReference section */
		F4961C8D2EA1AF0A00D68570 /* AI School Event App.app */ = {isa = PBXFileReference; explicitFileType = wrapper.application; includeInIndex = 0; path = "AI School Event App.app"; sourceTree = BUILT_PRODUCTS_DIR; };
		F4961C9C2EA1AF0B00D68570 /* AI School Event AppTests.xctest */ = {isa = PBXFileReference; explicitFileType = wrapper.cfbundle; includeInIndex = 0; path = "AI School Event AppTests.xctest"; sourceTree = BUILT_PRODUCTS_DIR; };
		F4961CA62EA1AF0B00D68570 /* AI School Event AppUITests.xctest */ = {isa = PBXFileReference; explicitFileType = wrapper.cfbundle; includeInIndex = 0; path = "AI School Event AppUITests.xctest"; sourceTree = BUILT_PRODUCTS_DIR; };
/* End PBXFileReference section */

/* Begin PBXFileSystemSynchronizedRootGroup section */
		F4961C8F2EA1AF0A00D68570 /* AI School Event App */ = {
			isa = PBXFileSystemSynchronizedRootGroup;
			path = "AI School Event App";
			sourceTree = "<group>";
		};
		F4961C9F2EA1AF0B00D68570 /* AI School Event AppTests */ = {
			isa = PBXFileSystemSynchronizedRootGroup;
			path = "AI School Event AppTests";
			sourceTree = "<group>";
		};
		F4961CA92EA1AF0B00D68570 /* AI School Event AppUITests */ = {
			isa = PBXFileSystemSynchronizedRootGroup;
			path = "AI School Event AppUITests";
			sourceTree = "<group>";
		};
/* End PBXFileSystemSynchronizedRootGroup section */

/* Begin PBXFrameworksBuildPhase section */
		F4961C8A2EA1AF0A00D68570 /* Frameworks */ = {
			isa = PBXFrameworksBuildPhase;
			buildActionMask = 2147483647;
			files = (
			);
			runOnlyForDeploymentPostprocessing = 0;
		};
		F4961C992EA1AF0B00D68570 /* Frameworks */ = {
			isa = PBXFrameworksBuildPhase;
			buildActionMask = 2147483647;
			files = (
			);
			runOnlyForDeploymentPostprocessing = 0;
		};
		F4961CA32EA1AF0B00D68570 /* Frameworks */ = {
			isa = PBXFrameworksBuildPhase;
			buildActionMask = 2147483647;
			files = (
			);
			runOnlyForDeploymentPostprocessing = 0;
		};
/* End PBXFrameworksBuildPhase section */

/* Begin PBXGroup section */
		F4961C842EA1AF0A00D68570 = {
			isa = PBXGroup;
			children = (
				F4961C8F2EA1AF0A00D68570 /* AI School Event App */,
				F4961C9F2EA1AF0B00D68570 /* AI School Event AppTests */,
				F4961CA92EA1AF0B00D68570 /* AI School Event AppUITests */,
				F4961C8E2EA1AF0A00D68570 /* Products */,
			);
			sourceTree = "<group>";
		};
		F4961C8E2EA1AF0A00D68570 /* Products */ = {
			isa = PBXGroup;
			children = (
				F4961C8D2EA1AF0A00D68570 /* AI School Event App.app */,
				F4961C9C2EA1AF0B00D68570 /* AI School Event AppTests.xctest */,
				F4961CA62EA1AF0B00D68570 /* AI School Event AppUITests.xctest */,
			);
			name = Products;
			sourceTree = "<group>";
		};
/* End PBXGroup section */

/* Begin PBXNativeTarget section */
		F4961C8C2EA1AF0A00D68570 /* AI School Event App */ = {
			isa = PBXNativeTarget;
			buildConfigurationList = F4961CB02EA1AF0B00D68570 /* Build configuration list for PBXNativeTarget "AI School Event App" */;
			buildPhases = (
				F4961C892EA1AF0A00D68570 /* Sources */,
				F4961C8A2EA1AF0A00D68570 /* Frameworks */,
				F4961C8B2EA1AF0A00D68570 /* Resources */,
			);
			buildRules = (
			);
			dependencies = (
			);
			fileSystemSynchronizedGroups = (
				F4961C8F2EA1AF0A00D68570 /* AI School Event App */,
			);
			name = "AI School Event App";
			packageProductDependencies = (
			);
			productName = "AI School Event App";
			productReference = F4961C8D2EA1AF0A00D68570 /* AI School Event App.app */;
			productType = "com.apple.product-type.application";
		};
		F4961C9B2EA1AF0B00D68570 /* AI School Event AppTests */ = {
			isa = PBXNativeTarget;
			buildConfigurationList = F4961CB32EA1AF0B00D68570 /* Build configuration list for PBXNativeTarget "AI School Event AppTests" */;
			buildPhases = (
				F4961C982EA1AF0B00D68570 /* Sources */,
				F4961C992EA1AF0B00D68570 /* Frameworks */,
				F4961C9A2EA1AF0B00D68570 /* Resources */,
			);
			buildRules = (
			);
			dependencies = (
				F4961C9E2EA1AF0B00D68570 /* PBXTargetDependency */,
			);
			fileSystemSynchronizedGroups = (
				F4961C9F2EA1AF0B00D68570 /* AI School Event AppTests */,
			);
			name = "AI School Event AppTests";
			packageProductDependencies = (
			);
			productName = "AI School Event AppTests";
			productReference = F4961C9C2EA1AF0B00D68570 /* AI School Event AppTests.xctest */;
			productType = "com.apple.product-type.bundle.unit-test";
		};
		F4961CA52EA1AF0B00D68570 /* AI School Event AppUITests */ = {
			isa = PBXNativeTarget;
			buildConfigurationList = F4961CB62EA1AF0B00D68570 /* Build configuration list for PBXNativeTarget "AI School Event AppUITests" */;
			buildPhases = (
				F4961CA22EA1AF0B00D68570 /* Sources */,
				F4961CA32EA1AF0B00D68570 /* Frameworks */,
				F4961CA42EA1AF0B00D68570 /* Resources */,
			);
			buildRules = (
			);
			dependencies = (
				F4961CA82EA1AF0B00D68570 /* PBXTargetDependency */,
			);
			fileSystemSynchronizedGroups = (
				F4961CA92EA1AF0B00D68570 /* AI School Event AppUITests */,
			);
			name = "AI School Event AppUITests";
			packageProductDependencies = (
			);
			productName = "AI School Event AppUITests";
			productReference = F4961CA62EA1AF0B00D68570 /* AI School Event AppUITests.xctest */;
			productType = "com.apple.product-type.bundle.ui-testing";
		};
/* End PBXNativeTarget section */

/* Begin PBXProject section */
		F4961C852EA1AF0A00D68570 /* Project object */ = {
			isa = PBXProject;
			attributes = {
				BuildIndependentTargetsInParallel = 1;
				LastSwiftUpdateCheck = 1640;
				LastUpgradeCheck = 1640;
				TargetAttributes = {
					F4961C8C2EA1AF0A00D68570 = {
						CreatedOnToolsVersion = 16.4;
					};
					F4961C9B2EA1AF0B00D68570 = {
						CreatedOnToolsVersion = 16.4;
						TestTargetID = F4961C8C2EA1AF0A00D68570;
					};
					F4961CA52EA1AF0B00D68570 = {
						CreatedOnToolsVersion = 16.4;
						TestTargetID = F4961C8C2EA1AF0A00D68570;
					};
				};
			};
			buildConfigurationList = F4961C882EA1AF0A00D68570 /* Build configuration list for PBXProject "AI School Event App" */;
			developmentRegion = en;
			hasScannedForEncodings = 0;
			knownRegions = (
				en,
				Base,
			);
			mainGroup = F4961C842EA1AF0A00D68570;
			minimizedProjectReferenceProxies = 1;
			preferredProjectObjectVersion = 77;
			productRefGroup = F4961C8E2EA1AF0A00D68570 /* Products */;
			projectDirPath = "";
			projectRoot = "";
			targets = (
				F4961C8C2EA1AF0A00D68570 /* AI School Event App */,
				F4961C9B2EA1AF0B00D68570 /* AI School Event AppTests */,
				F4961CA52EA1AF0B00D68570 /* AI School Event AppUITests */,
			);
		};
/* End PBXProject section */

/* Begin PBXResourcesBuildPhase section */
		F4961C8B2EA1AF0A00D68570 /* Resources */ = {
			isa = PBXResourcesBuildPhase;
			buildActionMask = 2147483647;
			files = (
			);
			runOnlyForDeploymentPostprocessing = 0;
		};
		F4961C9A2EA1AF0B00D68570 /* Resources */ = {
			isa = PBXResourcesBuildPhase;
			buildActionMask = 2147483647;
			files = (
			);
			runOnlyForDeploymentPostprocessing = 0;
		};
		F4961CA42EA1AF0B00D68570 /* Resources */ = {
			isa = PBXResourcesBuildPhase;
			buildActionMask = 2147483647;
			files = (
			);
			runOnlyForDeploymentPostprocessing = 0;
		};
/* End PBXResourcesBuildPhase section */

/* Begin PBXSourcesBuildPhase section */
		F4961C892EA1AF0A00D68570 /* Sources */ = {
			isa = PBXSourcesBuildPhase;
			buildActionMask = 2147483647;
			files = (
			);
			runOnlyForDeploymentPostprocessing = 0;
		};
		F4961C982EA1AF0B00D68570 /* Sources */ = {
			isa = PBXSourcesBuildPhase;
			buildActionMask = 2147483647;
			files = (
			);
			runOnlyForDeploymentPostprocessing = 0;
		};
		F4961CA22EA1AF0B00D68570 /* Sources */ = {
			isa = PBXSourcesBuildPhase;
			buildActionMask = 2147483647;
			files = (
			);
			runOnlyForDeploymentPostprocessing = 0;
		};
/* End PBXSourcesBuildPhase section */

/* Begin PBXTargetDependency section */
		F4961C9E2EA1AF0B00D68570 /* PBXTargetDependency */ = {
			isa = PBXTargetDependency;
			target = F4961C8C2EA1AF0A00D68570 /* AI School Event App */;
			targetProxy = F4961C9D2EA1AF0B00D68570 /* PBXContainerItemProxy */;
		};
		F4961CA82EA1AF0B00D68570 /* PBXTargetDependency */ = {
			isa = PBXTargetDependency;
			target = F4961C8C2EA1AF0A00D68570 /* AI School Event App */;
			targetProxy = F4961CA72EA1AF0B00D68570 /* PBXContainerItemProxy */;
		};
/* End PBXTargetDependency section */

/* Begin XCBuildConfiguration section */
		F4961CAE2EA1AF0B00D68570 /* Debug */ = {
			isa = XCBuildConfiguration;
			buildSettings = {
				ALWAYS_SEARCH_USER_PATHS = NO;
				ASSETCATALOG_COMPILER_GENERATE_SWIFT_ASSET_SYMBOL_EXTENSIONS = YES;
				CLANG_ANALYZER_NONNULL = YES;
				CLANG_ANALYZER_NUMBER_OBJECT_CONVERSION = YES_AGGRESSIVE;
				CLANG_CXX_LANGUAGE_STANDARD = "gnu++20";
				CLANG_ENABLE_MODULES = YES;
				CLANG_ENABLE_OBJC_ARC = YES;
				CLANG_ENABLE_OBJC_WEAK = YES;
				CLANG_WARN_BLOCK_CAPTURE_AUTORELEASING = YES;
				CLANG_WARN_BOOL_CONVERSION = YES;
				CLANG_WARN_COMMA = YES;
				CLANG_WARN_CONSTANT_CONVERSION = YES;
				CLANG_WARN_DEPRECATED_OBJC_IMPLEMENTATIONS = YES;
				CLANG_WARN_DIRECT_OBJC_ISA_USAGE = YES_ERROR;
				CLANG_WARN_DOCUMENTATION_COMMENTS = YES;
				CLANG_WARN_EMPTY_BODY = YES;
				CLANG_WARN_ENUM_CONVERSION = YES;
				CLANG_WARN_INFINITE_RECURSION = YES;
				CLANG_WARN_INT_CONVERSION = YES;
				CLANG_WARN_NON_LITERAL_NULL_CONVERSION = YES;
				CLANG_WARN_OBJC_IMPLICIT_RETAIN_SELF = YES;
				CLANG_WARN_OBJC_LITERAL_CONVERSION = YES;
				CLANG_WARN_OBJC_ROOT_CLASS = YES_ERROR;
				CLANG_WARN_QUOTED_INCLUDE_IN_FRAMEWORK_HEADER = YES;
				CLANG_WARN_RANGE_LOOP_ANALYSIS = YES;
				CLANG_WARN_STRICT_PROTOTYPES = YES;
				CLANG_WARN_SUSPICIOUS_MOVE = YES;
				CLANG_WARN_UNGUARDED_AVAILABILITY = YES_AGGRESSIVE;
				CLANG_WARN_UNREACHABLE_CODE = YES;
				CLANG_WARN__DUPLICATE_METHOD_MATCH = YES;
				COPY_PHASE_STRIP = NO;
				DEBUG_INFORMATION_FORMAT = dwarf;
				ENABLE_STRICT_OBJC_MSGSEND = YES;
				ENABLE_TESTABILITY = YES;
				ENABLE_USER_SCRIPT_SANDBOXING = YES;
				GCC_C_LANGUAGE_STANDARD = gnu17;
				GCC_DYNAMIC_NO_PIC = NO;
				GCC_NO_COMMON_BLOCKS = YES;
				GCC_OPTIMIZATION_LEVEL = 0;
				GCC_PREPROCESSOR_DEFINITIONS = (
					"DEBUG=1",
					"$(inherited)",
				);
				GCC_WARN_64_TO_32_BIT_CONVERSION = YES;
				GCC_WARN_ABOUT_RETURN_TYPE = YES_ERROR;
				GCC_WARN_UNDECLARED_SELECTOR = YES;
				GCC_WARN_UNINITIALIZED_AUTOS = YES_AGGRESSIVE;
				GCC_WARN_UNUSED_FUNCTION = YES;
				GCC_WARN_UNUSED_VARIABLE = YES;
				IPHONEOS_DEPLOYMENT_TARGET = 18.5;
				LOCALIZATION_PREFERS_STRING_CATALOGS = YES;
				MTL_ENABLE_DEBUG_INFO = INCLUDE_SOURCE;
				MTL_FAST_MATH = YES;
				ONLY_ACTIVE_ARCH = YES;
				SDKROOT = iphoneos;
				SWIFT_ACTIVE_COMPILATION_CONDITIONS = "DEBUG $(inherited)";
				SWIFT_OPTIMIZATION_LEVEL = "-Onone";
			};
			name = Debug;
		};
		F4961CAF2EA1AF0B00D68570 /* Release */ = {
			isa = XCBuildConfiguration;
			buildSettings = {
				ALWAYS_SEARCH_USER_PATHS = NO;
				ASSETCATALOG_COMPILER_GENERATE_SWIFT_ASSET_SYMBOL_EXTENSIONS = YES;
				CLANG_ANALYZER_NONNULL = YES;
				CLANG_ANALYZER_NUMBER_OBJECT_CONVERSION = YES_AGGRESSIVE;
				CLANG_CXX_LANGUAGE_STANDARD = "gnu++20";
				CLANG_ENABLE_MODULES = YES;
				CLANG_ENABLE_OBJC_ARC = YES;
				CLANG_ENABLE_OBJC_WEAK = YES;
				CLANG_WARN_BLOCK_CAPTURE_AUTORELEASING = YES;
				CLANG_WARN_BOOL_CONVERSION = YES;
				CLANG_WARN_COMMA = YES;
				CLANG_WARN_CONSTANT_CONVERSION = YES;
				CLANG_WARN_DEPRECATED_OBJC_IMPLEMENTATIONS = YES;
				CLANG_WARN_DIRECT_OBJC_ISA_USAGE = YES_ERROR;
				CLANG_WARN_DOCUMENTATION_COMMENTS = YES;
				CLANG_WARN_EMPTY_BODY = YES;
				CLANG_WARN_ENUM_CONVERSION = YES;
				CLANG_WARN_INFINITE_RECURSION = YES;
				CLANG_WARN_INT_CONVERSION = YES;
				CLANG_WARN_NON_LITERAL_NULL_CONVERSION = YES;
				CLANG_WARN_OBJC_IMPLICIT_RETAIN_SELF = YES;
				CLANG_WARN_OBJC_LITERAL_CONVERSION = YES;
				CLANG_WARN_OBJC_ROOT_CLASS = YES_ERROR;
				CLANG_WARN_QUOTED_INCLUDE_IN_FRAMEWORK_HEADER = YES;
				CLANG_WARN_RANGE_LOOP_ANALYSIS = YES;
				CLANG_WARN_STRICT_PROTOTYPES = YES;
				CLANG_WARN_SUSPICIOUS_MOVE = YES;
				CLANG_WARN_UNGUARDED_AVAILABILITY = YES_AGGRESSIVE;
				CLANG_WARN_UNREACHABLE_CODE = YES;
				CLANG_WARN__DUPLICATE_METHOD_MATCH = YES;
				COPY_PHASE_STRIP = NO;
				DEBUG_INFORMATION_FORMAT = "dwarf-with-dsym";
				ENABLE_NS_ASSERTIONS = NO;
				ENABLE_STRICT_OBJC_MSGSEND = YES;
				ENABLE_USER_SCRIPT_SANDBOXING = YES;
				GCC_C_LANGUAGE_STANDARD = gnu17;
				GCC_NO_COMMON_BLOCKS = YES;
				GCC_WARN_64_TO_32_BIT_CONVERSION = YES;
				GCC_WARN_ABOUT_RETURN_TYPE = YES_ERROR;
				GCC_WARN_UNDECLARED_SELECTOR = YES;
				GCC_WARN_UNINITIALIZED_AUTOS = YES_AGGRESSIVE;
				GCC_WARN_UNUSED_FUNCTION = YES;
				GCC_WARN_UNUSED_VARIABLE = YES;
				IPHONEOS_DEPLOYMENT_TARGET = 18.5;
				LOCALIZATION_PREFERS_STRING_CATALOGS = YES;
				MTL_ENABLE_DEBUG_INFO = NO;
				MTL_FAST_MATH = YES;
				SDKROOT = iphoneos;
				SWIFT_COMPILATION_MODE = wholemodule;
				VALIDATE_PRODUCT = YES;
			};
			name = Release;
		};
		F4961CB12EA1AF0B00D68570 /* Debug */ = {
			isa = XCBuildConfiguration;
			buildSettings = {
				ASSETCATALOG_COMPILER_APPICON_NAME = AppIcon;
				ASSETCATALOG_COMPILER_GLOBAL_ACCENT_COLOR_NAME = AccentColor;
				CODE_SIGN_STYLE = Automatic;
				CURRENT_PROJECT_VERSION = 1;
				ENABLE_PREVIEWS = YES;
				GENERATE_INFOPLIST_FILE = YES;
				INFOPLIST_KEY_UIApplicationSceneManifest_Generation = YES;
				INFOPLIST_KEY_UIApplicationSupportsIndirectInputEvents = YES;
				INFOPLIST_KEY_UILaunchScreen_Generation = YES;
				INFOPLIST_KEY_UISupportedInterfaceOrientations_iPad = "UIInterfaceOrientationPortrait UIInterfaceOrientationPortraitUpsideDown UIInterfaceOrientationLandscapeLeft UIInterfaceOrientationLandscapeRight";
				INFOPLIST_KEY_UISupportedInterfaceOrientations_iPhone = "UIInterfaceOrientationPortrait UIInterfaceOrientationLandscapeLeft UIInterfaceOrientationLandscapeRight";
				LD_RUNPATH_SEARCH_PATHS = (
					"$(inherited)",
					"@executable_path/Frameworks",
				);
				MARKETING_VERSION = 1.0;
				PRODUCT_BUNDLE_IDENTIFIER = "yashchavan.AI-School-Event-App";
				PRODUCT_NAME = "$(TARGET_NAME)";
				SWIFT_EMIT_LOC_STRINGS = YES;
				SWIFT_VERSION = 5.0;
				TARGETED_DEVICE_FAMILY = "1,2";
			};
			name = Debug;
		};
		F4961CB22EA1AF0B00D68570 /* Release */ = {
			isa = XCBuildConfiguration;
			buildSettings = {
				ASSETCATALOG_COMPILER_APPICON_NAME = AppIcon;
				ASSETCATALOG_COMPILER_GLOBAL_ACCENT_COLOR_NAME = AccentColor;
				CODE_SIGN_STYLE = Automatic;
				CURRENT_PROJECT_VERSION = 1;
				ENABLE_PREVIEWS = YES;
				GENERATE_INFOPLIST_FILE = YES;
				INFOPLIST_KEY_UIApplicationSceneManifest_Generation = YES;
				INFOPLIST_KEY_UIApplicationSupportsIndirectInputEvents = YES;
				INFOPLIST_KEY_UILaunchScreen_Generation = YES;
				INFOPLIST_KEY_UISupportedInterfaceOrientations_iPad = "UIInterfaceOrientationPortrait UIInterfaceOrientationPortraitUpsideDown UIInterfaceOrientationLandscapeLeft UIInterfaceOrientationLandscapeRight";
				INFOPLIST_KEY_UISupportedInterfaceOrientations_iPhone = "UIInterfaceOrientationPortrait UIInterfaceOrientationLandscapeLeft UIInterfaceOrientationLandscapeRight";
				LD_RUNPATH_SEARCH_PATHS = (
					"$(inherited)",
					"@executable_path/Frameworks",
				);
				MARKETING_VERSION = 1.0;
				PRODUCT_BUNDLE_IDENTIFIER = "yashchavan.AI-School-Event-App";
				PRODUCT_NAME = "$(TARGET_NAME)";
				SWIFT_EMIT_LOC_STRINGS = YES;
				SWIFT_VERSION = 5.0;
				TARGETED_DEVICE_FAMILY = "1,2";
			};
			name = Release;
		};
		F4961CB42EA1AF0B00D68570 /* Debug */ = {
			isa = XCBuildConfiguration;
			buildSettings = {
				BUNDLE_LOADER = "$(TEST_HOST)";
				CODE_SIGN_STYLE = Automatic;
				CURRENT_PROJECT_VERSION = 1;
				GENERATE_INFOPLIST_FILE = YES;
				IPHONEOS_DEPLOYMENT_TARGET = 18.5;
				MARKETING_VERSION = 1.0;
				PRODUCT_BUNDLE_IDENTIFIER = "yashchavan.AI-School-Event-AppTests";
				PRODUCT_NAME = "$(TARGET_NAME)";
				SWIFT_EMIT_LOC_STRINGS = NO;
				SWIFT_VERSION = 5.0;
				TARGETED_DEVICE_FAMILY = "1,2";
				TEST_HOST = "$(BUILT_PRODUCTS_DIR)/AI School Event App.app/$(BUNDLE_EXECUTABLE_FOLDER_PATH)/AI School Event App";
			};
			name = Debug;
		};
		F4961CB52EA1AF0B00D68570 /* Release */ = {
			isa = XCBuildConfiguration;
			buildSettings = {
				BUNDLE_LOADER = "$(TEST_HOST)";
				CODE_SIGN_STYLE = Automatic;
				CURRENT_PROJECT_VERSION = 1;
				GENERATE_INFOPLIST_FILE = YES;
				IPHONEOS_DEPLOYMENT_TARGET = 18.5;
				MARKETING_VERSION = 1.0;
				PRODUCT_BUNDLE_IDENTIFIER = "yashchavan.AI-School-Event-AppTests";
				PRODUCT_NAME = "$(TARGET_NAME)";
				SWIFT_EMIT_LOC_STRINGS = NO;
				SWIFT_VERSION = 5.0;
				TARGETED_DEVICE_FAMILY = "1,2";
				TEST_HOST = "$(BUILT_PRODUCTS_DIR)/AI School Event App.app/$(BUNDLE_EXECUTABLE_FOLDER_PATH)/AI School Event App";
			};
			name = Release;
		};
		F4961CB72EA1AF0B00D68570 /* Debug */ = {
			isa = XCBuildConfiguration;
			buildSettings = {
				CODE_SIGN_STYLE = Automatic;
				CURRENT_PROJECT_VERSION = 1;
				GENERATE_INFOPLIST_FILE = YES;
				MARKETING_VERSION = 1.0;
				PRODUCT_BUNDLE_IDENTIFIER = "yashchavan.AI-School-Event-AppUITests";
				PRODUCT_NAME = "$(TARGET_NAME)";
				SWIFT_EMIT_LOC_STRINGS = NO;
				SWIFT_VERSION = 5.0;
				TARGETED_DEVICE_FAMILY = "1,2";
				TEST_TARGET_NAME = "AI School Event App";
			};
			name = Debug;
		};
		F4961CB82EA1AF0B00D68570 /* Release */ = {
			isa = XCBuildConfiguration;
			buildSettings = {
				CODE_SIGN_STYLE = Automatic;
				CURRENT_PROJECT_VERSION = 1;
				GENERATE_INFOPLIST_FILE = YES;
				MARKETING_VERSION = 1.0;
				PRODUCT_BUNDLE_IDENTIFIER = "yashchavan.AI-School-Event-AppUITests";
				PRODUCT_NAME = "$(TARGET_NAME)";
				SWIFT_EMIT_LOC_STRINGS = NO;
				SWIFT_VERSION = 5.0;
				TARGETED_DEVICE_FAMILY = "1,2";
				TEST_TARGET_NAME = "AI School Event App";
			};
			name = Release;
		};
/* End XCBuildConfiguration section */

/* Begin XCConfigurationList section */
		F4961C882EA1AF0A00D68570 /* Build configuration list for PBXProject "AI School Event App" */ = {
			isa = XCConfigurationList;
			buildConfigurations = (
				F4961CAE2EA1AF0B00D68570 /* Debug */,
				F4961CAF2EA1AF0B00D68570 /* Release */,
			);
			defaultConfigurationIsVisible = 0;
			defaultConfigurationName = Release;
		};
		F4961CB02EA1AF0B00D68570 /* Build configuration list for PBXNativeTarget "AI School Event App" */ = {
			isa = XCConfigurationList;
			buildConfigurations = (
				F4961CB12EA1AF0B00D68570 /* Debug */,
				F4961CB22EA1AF0B00D68570 /* Release */,
			);
			defaultConfigurationIsVisible = 0;
			defaultConfigurationName = Release;
		};
		F4961CB32EA1AF0B00D68570 /* Build configuration list for PBXNativeTarget "AI School Event AppTests" */ = {
			isa = XCConfigurationList;
			buildConfigurations = (
				F4961CB42EA1AF0B00D68570 /* Debug */,
				F4961CB52EA1AF0B00D68570 /* Release */,
			);
			defaultConfigurationIsVisible = 0;
			defaultConfigurationName = Release;
		};
		F4961CB62EA1AF0B00D68570 /* Build configuration list for PBXNativeTarget "AI School Event AppUITests" */ = {
			isa = XCConfigurationList;
			buildConfigurations = (
				F4961CB72EA1AF0B00D68570 /* Debug */,
				F4961CB82EA1AF0B00D68570 /* Release */,
			);
			defaultConfigurationIsVisible = 0;
			defaultConfigurationName = Release;
		};
/* End XCConfigurationList section */
	};
	rootObject = F4961C852EA1AF0A00D68570 /* Project object */;
}
